
Microsoft Visual Studio Solution File, Format Version 12.00
# Visual Studio Version 17
VisualStudioVersion = 17.4.33205.214
MinimumVisualStudioVersion = 10.0.40219.1
Project("{FAE04EC0-301F-11D3-BF4B-00C04F79EFBC}") = "FitCircle", "FitCircle.csproj", "{49139217-B738-4EB2-8E2F-8DF8D96CCF07}"
EndProject
Global
	GlobalSection(SolutionConfigurationPlatforms) = preSolution
		Debug|Any CPU = Debug|Any CPU
		Release|Any CPU = Release|Any CPU
	EndGlobalSection
	GlobalSection(ProjectConfigurationPlatforms) = postSolution
		{49139217-B738-4EB2-8E2F-8DF8D96CCF07}.Debug|Any CPU.ActiveCfg = Debug|Any CPU
		{49139217-B738-4EB2-8E2F-8DF8D96CCF07}.Debug|Any CPU.Build.0 = Debug|Any CPU
		{49139217-B738-4EB2-8E2F-8DF8D96CCF07}.Release|Any CPU.ActiveCfg = Release|Any CPU
		{49139217-B738-4EB2-8E2F-8DF8D96CCF07}.Release|Any CPU.Build.0 = Release|Any CPU
	EndGlobalSection
	GlobalSection(SolutionProperties) = preSolution
		HideSolutionNode = FALSE
	EndGlobalSection
	GlobalSection(ExtensibilityGlobals) = postSolution
		SolutionGuid = {F3D5F6A5-8CFF-44E9-871B-279E569C6950}
	EndGlobalSection
EndGlobal
